
Microsoft Visual Studio Solution File, Format Version 12.00
# Visual Studio Version 17
VisualStudioVersion = 17.11.35312.102
MinimumVisualStudioVersion = 10.0.40219.1
Project("{FAE04EC0-301F-11D3-BF4B-00C04F79EFBC}") = "DemoBlazorWebAppWasmSignalRChat", "DemoBlazorWebAppWasmSignalRChat\DemoBlazorWebAppWasmSignalRChat.csproj", "{59801434-BAF0-4ABB-A48F-7C0882573578}"
EndProject
Project("{FAE04EC0-301F-11D3-BF4B-00C04F79EFBC}") = "DemoBlazorWebAppWasmSignalRChat.Client", "DemoBlazorWebAppWasmSignalRChat.Client\DemoBlazorWebAppWasmSignalRChat.Client.csproj", "{8BAE8F11-DC39-4850-A7E0-383879F576DD}"
EndProject
Global
	GlobalSection(SolutionConfigurationPlatforms) = preSolution
		Debug|Any CPU = Debug|Any CPU
		Release|Any CPU = Release|Any CPU
	EndGlobalSection
	GlobalSection(ProjectConfigurationPlatforms) = postSolution
		{59801434-BAF0-4ABB-A48F-7C0882573578}.Debug|Any CPU.ActiveCfg = Debug|Any CPU
		{59801434-BAF0-4ABB-A48F-7C0882573578}.Debug|Any CPU.Build.0 = Debug|Any CPU
		{59801434-BAF0-4ABB-A48F-7C0882573578}.Release|Any CPU.ActiveCfg = Release|Any CPU
		{59801434-BAF0-4ABB-A48F-7C0882573578}.Release|Any CPU.Build.0 = Release|Any CPU
		{8BAE8F11-DC39-4850-A7E0-383879F576DD}.Debug|Any CPU.ActiveCfg = Debug|Any CPU
		{8BAE8F11-DC39-4850-A7E0-383879F576DD}.Debug|Any CPU.Build.0 = Debug|Any CPU
		{8BAE8F11-DC39-4850-A7E0-383879F576DD}.Release|Any CPU.ActiveCfg = Release|Any CPU
		{8BAE8F11-DC39-4850-A7E0-383879F576DD}.Release|Any CPU.Build.0 = Release|Any CPU
	EndGlobalSection
	GlobalSection(SolutionProperties) = preSolution
		HideSolutionNode = FALSE
	EndGlobalSection
	GlobalSection(ExtensibilityGlobals) = postSolution
		SolutionGuid = {5B91AD3F-3042-4BB0-98A2-E76B8CAF448A}
	EndGlobalSection
EndGlobal
